
Microsoft Visual Studio Solution File, Format Version 12.00
# Visual Studio Version 17
VisualStudioVersion = 17.5.002.0
MinimumVisualStudioVersion = 10.0.40219.1
Project("{2150E333-8FDC-42A3-9474-1A3956D46DE8}") = "sandbox", "sandbox", "{6D431853-0BBF-4952-B71E-97E1399F7AB0}"
EndProject
Project("{9A19103F-16F7-4668-BE54-9A1E7A4F7556}") = "sandbox_project", "sandbox\sandbox_project\sandbox_project.csproj", "{40D2C701-591F-4CC3-BFCD-BE0C1A25F5E2}"
EndProject
Project("{2150E333-8FDC-42A3-9474-1A3956D46DE8}") = "week01", "week01", "{B1E3116D-8E0D-44A6-AD41-E7F27E8987B9}"
EndProject
Project("{9A19103F-16F7-4668-BE54-9A1E7A4F7556}") = "analyze", "week01\analyze\analyze.csproj", "{B18C8C92-B5EF-4E46-AB3B-18B50218E5D6}"
EndProject
Project("{9A19103F-16F7-4668-BE54-9A1E7A4F7556}") = "code", "week01\code\code.csproj", "{4FE2C28E-3423-4771-B5AF-3C703AE4AA6A}"
EndProject
Project("{9A19103F-16F7-4668-BE54-9A1E7A4F7556}") = "teach", "week01\teach\teach.csproj", "{F0DDEC04-B586-49D9-9F98-795B6D7622F3}"
EndProject
Project("{2150E333-8FDC-42A3-9474-1A3956D46DE8}") = "week02", "week02", "{075141A1-55C9-450A-967A-6AA51285DF56}"
EndProject
Project("{9A19103F-16F7-4668-BE54-9A1E7A4F7556}") = "analyze", "week02\analyze\analyze.csproj", "{CF99569D-A1B5-43E0-B515-476B86A7981B}"
EndProject
Project("{9A19103F-16F7-4668-BE54-9A1E7A4F7556}") = "code", "week02\code\code.csproj", "{84119C32-8DF7-4349-AB8F-85481ADDA851}"
EndProject
Project("{9A19103F-16F7-4668-BE54-9A1E7A4F7556}") = "learn", "week02\learn\learn.csproj", "{825303BE-3480-4F9A-B607-0CCD935F0037}"
EndProject
Project("{9A19103F-16F7-4668-BE54-9A1E7A4F7556}") = "teach", "week02\teach\teach.csproj", "{18445B06-49AF-4FBC-A697-402AB2083306}"
EndProject
Project("{2150E333-8FDC-42A3-9474-1A3956D46DE8}") = "week03", "week03", "{5CFBA96C-E491-4960-97ED-290007E058EA}"
EndProject
Project("{9A19103F-16F7-4668-BE54-9A1E7A4F7556}") = "code", "week03\code\code.csproj", "{3DD01915-0E26-490E-A628-A025D8992170}"
EndProject
Project("{9A19103F-16F7-4668-BE54-9A1E7A4F7556}") = "learn", "week03\learn\learn.csproj", "{6EC63574-D629-48A7-8152-A4BF8DB7557E}"
EndProject
Project("{9A19103F-16F7-4668-BE54-9A1E7A4F7556}") = "teach", "week03\teach\teach.csproj", "{AB6C3566-0AF0-4863-8B19-8619A9F768F8}"
EndProject
Project("{2150E333-8FDC-42A3-9474-1A3956D46DE8}") = "week04", "week04", "{6622628D-5095-4017-9309-09349A975584}"
EndProject
Project("{9A19103F-16F7-4668-BE54-9A1E7A4F7556}") = "code", "week04\code\code.csproj", "{C379B872-7C91-4C27-8BCD-A3CA631EF6BD}"
EndProject
Project("{2150E333-8FDC-42A3-9474-1A3956D46DE8}") = "week05", "week05", "{85A418B5-5F71-4039-B745-45B79B3530A8}"
EndProject
Project("{9A19103F-16F7-4668-BE54-9A1E7A4F7556}") = "code", "week05\code\code.csproj", "{7E75BB7C-7FF1-4D22-BEC6-DC66351035B5}"
EndProject
Project("{2150E333-8FDC-42A3-9474-1A3956D46DE8}") = "week06", "week06", "{25477863-A61C-4F26-8976-D006583AB0EF}"
EndProject
Project("{9A19103F-16F7-4668-BE54-9A1E7A4F7556}") = "code", "week06\code\code.csproj", "{56BD7D8F-AE5E-498D-B12E-F61044728EA2}"
EndProject
Global
	GlobalSection(SolutionConfigurationPlatforms) = preSolution
		Debug|Any CPU = Debug|Any CPU
		Release|Any CPU = Release|Any CPU
	EndGlobalSection
	GlobalSection(ProjectConfigurationPlatforms) = postSolution
		{40D2C701-591F-4CC3-BFCD-BE0C1A25F5E2}.Debug|Any CPU.ActiveCfg = Debug|Any CPU
		{40D2C701-591F-4CC3-BFCD-BE0C1A25F5E2}.Debug|Any CPU.Build.0 = Debug|Any CPU
		{40D2C701-591F-4CC3-BFCD-BE0C1A25F5E2}.Release|Any CPU.ActiveCfg = Release|Any CPU
		{40D2C701-591F-4CC3-BFCD-BE0C1A25F5E2}.Release|Any CPU.Build.0 = Release|Any CPU
		{B18C8C92-B5EF-4E46-AB3B-18B50218E5D6}.Debug|Any CPU.ActiveCfg = Debug|Any CPU
		{B18C8C92-B5EF-4E46-AB3B-18B50218E5D6}.Debug|Any CPU.Build.0 = Debug|Any CPU
		{B18C8C92-B5EF-4E46-AB3B-18B50218E5D6}.Release|Any CPU.ActiveCfg = Release|Any CPU
		{B18C8C92-B5EF-4E46-AB3B-18B50218E5D6}.Release|Any CPU.Build.0 = Release|Any CPU
		{4FE2C28E-3423-4771-B5AF-3C703AE4AA6A}.Debug|Any CPU.ActiveCfg = Debug|Any CPU
		{4FE2C28E-3423-4771-B5AF-3C703AE4AA6A}.Debug|Any CPU.Build.0 = Debug|Any CPU
		{4FE2C28E-3423-4771-B5AF-3C703AE4AA6A}.Release|Any CPU.ActiveCfg = Release|Any CPU
		{4FE2C28E-3423-4771-B5AF-3C703AE4AA6A}.Release|Any CPU.Build.0 = Release|Any CPU
		{F0DDEC04-B586-49D9-9F98-795B6D7622F3}.Debug|Any CPU.ActiveCfg = Debug|Any CPU
		{F0DDEC04-B586-49D9-9F98-795B6D7622F3}.Debug|Any CPU.Build.0 = Debug|Any CPU
		{F0DDEC04-B586-49D9-9F98-795B6D7622F3}.Release|Any CPU.ActiveCfg = Release|Any CPU
		{F0DDEC04-B586-49D9-9F98-795B6D7622F3}.Release|Any CPU.Build.0 = Release|Any CPU
		{CF99569D-A1B5-43E0-B515-476B86A7981B}.Debug|Any CPU.ActiveCfg = Debug|Any CPU
		{CF99569D-A1B5-43E0-B515-476B86A7981B}.Debug|Any CPU.Build.0 = Debug|Any CPU
		{CF99569D-A1B5-43E0-B515-476B86A7981B}.Release|Any CPU.ActiveCfg = Release|Any CPU
		{CF99569D-A1B5-43E0-B515-476B86A7981B}.Release|Any CPU.Build.0 = Release|Any CPU
		{84119C32-8DF7-4349-AB8F-85481ADDA851}.Debug|Any CPU.ActiveCfg = Debug|Any CPU
		{84119C32-8DF7-4349-AB8F-85481ADDA851}.Debug|Any CPU.Build.0 = Debug|Any CPU
		{84119C32-8DF7-4349-AB8F-85481ADDA851}.Release|Any CPU.ActiveCfg = Release|Any CPU
		{84119C32-8DF7-4349-AB8F-85481ADDA851}.Release|Any CPU.Build.0 = Release|Any CPU
		{825303BE-3480-4F9A-B607-0CCD935F0037}.Debug|Any CPU.ActiveCfg = Debug|Any CPU
		{825303BE-3480-4F9A-B607-0CCD935F0037}.Debug|Any CPU.Build.0 = Debug|Any CPU
		{825303BE-3480-4F9A-B607-0CCD935F0037}.Release|Any CPU.ActiveCfg = Release|Any CPU
		{825303BE-3480-4F9A-B607-0CCD935F0037}.Release|Any CPU.Build.0 = Release|Any CPU
		{18445B06-49AF-4FBC-A697-402AB2083306}.Debug|Any CPU.ActiveCfg = Debug|Any CPU
		{18445B06-49AF-4FBC-A697-402AB2083306}.Debug|Any CPU.Build.0 = Debug|Any CPU
		{18445B06-49AF-4FBC-A697-402AB2083306}.Release|Any CPU.ActiveCfg = Release|Any CPU
		{18445B06-49AF-4FBC-A697-402AB2083306}.Release|Any CPU.Build.0 = Release|Any CPU
		{3DD01915-0E26-490E-A628-A025D8992170}.Debug|Any CPU.ActiveCfg = Debug|Any CPU
		{3DD01915-0E26-490E-A628-A025D8992170}.Debug|Any CPU.Build.0 = Debug|Any CPU
		{3DD01915-0E26-490E-A628-A025D8992170}.Release|Any CPU.ActiveCfg = Release|Any CPU
		{3DD01915-0E26-490E-A628-A025D8992170}.Release|Any CPU.Build.0 = Release|Any CPU
		{6EC63574-D629-48A7-8152-A4BF8DB7557E}.Debug|Any CPU.ActiveCfg = Debug|Any CPU
		{6EC63574-D629-48A7-8152-A4BF8DB7557E}.Debug|Any CPU.Build.0 = Debug|Any CPU
		{6EC63574-D629-48A7-8152-A4BF8DB7557E}.Release|Any CPU.ActiveCfg = Release|Any CPU
		{6EC63574-D629-48A7-8152-A4BF8DB7557E}.Release|Any CPU.Build.0 = Release|Any CPU
		{AB6C3566-0AF0-4863-8B19-8619A9F768F8}.Debug|Any CPU.ActiveCfg = Debug|Any CPU
		{AB6C3566-0AF0-4863-8B19-8619A9F768F8}.Debug|Any CPU.Build.0 = Debug|Any CPU
		{AB6C3566-0AF0-4863-8B19-8619A9F768F8}.Release|Any CPU.ActiveCfg = Release|Any CPU
		{AB6C3566-0AF0-4863-8B19-8619A9F768F8}.Release|Any CPU.Build.0 = Release|Any CPU
		{C379B872-7C91-4C27-8BCD-A3CA631EF6BD}.Debug|Any CPU.ActiveCfg = Debug|Any CPU
		{C379B872-7C91-4C27-8BCD-A3CA631EF6BD}.Debug|Any CPU.Build.0 = Debug|Any CPU
		{C379B872-7C91-4C27-8BCD-A3CA631EF6BD}.Release|Any CPU.ActiveCfg = Release|Any CPU
		{C379B872-7C91-4C27-8BCD-A3CA631EF6BD}.Release|Any CPU.Build.0 = Release|Any CPU
		{7E75BB7C-7FF1-4D22-BEC6-DC66351035B5}.Debug|Any CPU.ActiveCfg = Debug|Any CPU
		{7E75BB7C-7FF1-4D22-BEC6-DC66351035B5}.Debug|Any CPU.Build.0 = Debug|Any CPU
		{7E75BB7C-7FF1-4D22-BEC6-DC66351035B5}.Release|Any CPU.ActiveCfg = Release|Any CPU
		{7E75BB7C-7FF1-4D22-BEC6-DC66351035B5}.Release|Any CPU.Build.0 = Release|Any CPU
		{56BD7D8F-AE5E-498D-B12E-F61044728EA2}.Debug|Any CPU.ActiveCfg = Debug|Any CPU
		{56BD7D8F-AE5E-498D-B12E-F61044728EA2}.Debug|Any CPU.Build.0 = Debug|Any CPU
		{56BD7D8F-AE5E-498D-B12E-F61044728EA2}.Release|Any CPU.ActiveCfg = Release|Any CPU
		{56BD7D8F-AE5E-498D-B12E-F61044728EA2}.Release|Any CPU.Build.0 = Release|Any CPU
	EndGlobalSection
	GlobalSection(SolutionProperties) = preSolution
		HideSolutionNode = FALSE
	EndGlobalSection
	GlobalSection(NestedProjects) = preSolution
		{40D2C701-591F-4CC3-BFCD-BE0C1A25F5E2} = {6D431853-0BBF-4952-B71E-97E1399F7AB0}
		{B18C8C92-B5EF-4E46-AB3B-18B50218E5D6} = {B1E3116D-8E0D-44A6-AD41-E7F27E8987B9}
		{4FE2C28E-3423-4771-B5AF-3C703AE4AA6A} = {B1E3116D-8E0D-44A6-AD41-E7F27E8987B9}
		{F0DDEC04-B586-49D9-9F98-795B6D7622F3} = {B1E3116D-8E0D-44A6-AD41-E7F27E8987B9}
		{CF99569D-A1B5-43E0-B515-476B86A7981B} = {075141A1-55C9-450A-967A-6AA51285DF56}
		{84119C32-8DF7-4349-AB8F-85481ADDA851} = {075141A1-55C9-450A-967A-6AA51285DF56}
		{825303BE-3480-4F9A-B607-0CCD935F0037} = {075141A1-55C9-450A-967A-6AA51285DF56}
		{18445B06-49AF-4FBC-A697-402AB2083306} = {075141A1-55C9-450A-967A-6AA51285DF56}
		{3DD01915-0E26-490E-A628-A025D8992170} = {5CFBA96C-E491-4960-97ED-290007E058EA}
		{6EC63574-D629-48A7-8152-A4BF8DB7557E} = {5CFBA96C-E491-4960-97ED-290007E058EA}
		{AB6C3566-0AF0-4863-8B19-8619A9F768F8} = {5CFBA96C-E491-4960-97ED-290007E058EA}
		{C379B872-7C91-4C27-8BCD-A3CA631EF6BD} = {6622628D-5095-4017-9309-09349A975584}
		{7E75BB7C-7FF1-4D22-BEC6-DC66351035B5} = {85A418B5-5F71-4039-B745-45B79B3530A8}
		{56BD7D8F-AE5E-498D-B12E-F61044728EA2} = {25477863-A61C-4F26-8976-D006583AB0EF}
	EndGlobalSection
	GlobalSection(ExtensibilityGlobals) = postSolution
		SolutionGuid = {56D5DEB2-E4B0-48EB-BEE8-1C1947B534D3}
	EndGlobalSection
EndGlobal
